{
  "requires": true,
  "lockfileVersion": 1,
  "dependencies": {
    "dropzone": {
      "version": "5.7.1",
      "resolved": "https://registry.npmjs.org/dropzone/-/dropzone-5.7.1.tgz",
      "integrity": "sha512-eqcJafupMKRlVUihZtsLkzLn02WTPUMHeImP5ZtWm3ERObC/dv15te0qqn/X2rEKaSqRC0pNTHUBPgrPWcP52w=="
    },
    "fft.js": {
      "version": "4.0.3",
      "resolved": "https://registry.npmjs.org/fft.js/-/fft.js-4.0.3.tgz",
      "integrity": "sha1-sAhO+pQYj+vdHP/mhpH0yFoPuMs="
    },
    "mathjax": {
      "version": "3.0.5",
      "resolved": "https://registry.npmjs.org/mathjax/-/mathjax-3.0.5.tgz",
      "integrity": "sha512-9M7VulhltkD8sIebWutK/VfAD+m+6BIFqfpjDh9Pz/etoKUtjO6UMnOhUcDmNl6iApE8C9xrUmaMyNZkZAlrMw=="
    },
    "p5": {
      "version": "1.0.0",
      "resolved": "https://registry.npmjs.org/p5/-/p5-1.0.0.tgz",
      "integrity": "sha512-SYYc6NSHA/mMoF00SdI39FmhifMWl0B74/Bg3T793v+KOAWgXsBfr7snv9cjHFqpcmjtJMuZSOoA55qAETCu1w=="
    }
  }
}
