{
  "name": "myfourierepicycles",
  "version": "1.0.0",
  "lockfileVersion": 1,
  "requires": true,
  "dependencies": {
    "dropzone": {
      "version": "5.7.2",
      "resolved": "https://registry.npmjs.org/dropzone/-/dropzone-5.7.2.tgz",
      "integrity": "sha512-m217bJHtf0J1IiKn4Tv6mnu1h5QvQNBnKZ39gma7hzGQhIZMxYq1vYEHs4AVd4ThFwmALys+52NAOD4zdLTG4w=="
    },
    "mathjax": {
      "version": "3.0.5",
      "resolved": "https://registry.npmjs.org/mathjax/-/mathjax-3.0.5.tgz",
      "integrity": "sha512-9M7VulhltkD8sIebWutK/VfAD+m+6BIFqfpjDh9Pz/etoKUtjO6UMnOhUcDmNl6iApE8C9xrUmaMyNZkZAlrMw=="
    },
    "p5": {
      "version": "1.1.9",
      "resolved": "https://registry.npmjs.org/p5/-/p5-1.1.9.tgz",
      "integrity": "sha512-gU+UBEAXLGt3RQFzTtsKijF+eBidweIqRrg51AniuLG8LKHzylrB5ilIOzyDgcR1/hWt6danWPArjaVtXHWfWg=="
    }
  }
}
